
Microsoft Visual Studio Solution File, Format Version 12.00
# Visual Studio 15
VisualStudioVersion = 15.0.28307.136
MinimumVisualStudioVersion = 10.0.40219.1
Project("{FAE04EC0-301F-11D3-BF4B-00C04F79EFBC}") = "SimpleNumbersTask", "SimpleNumbersTask\SimpleNumbersTask.csproj", "{6281FFC7-9CA0-4488-81B4-C77C510B52A2}"
EndProject
Global
	GlobalSection(SolutionConfigurationPlatforms) = preSolution
		Debug|Any CPU = Debug|Any CPU
		Release|Any CPU = Release|Any CPU
	EndGlobalSection
	GlobalSection(ProjectConfigurationPlatforms) = postSolution
		{6281FFC7-9CA0-4488-81B4-C77C510B52A2}.Debug|Any CPU.ActiveCfg = Debug|Any CPU
		{6281FFC7-9CA0-4488-81B4-C77C510B52A2}.Debug|Any CPU.Build.0 = Debug|Any CPU
		{6281FFC7-9CA0-4488-81B4-C77C510B52A2}.Release|Any CPU.ActiveCfg = Release|Any CPU
		{6281FFC7-9CA0-4488-81B4-C77C510B52A2}.Release|Any CPU.Build.0 = Release|Any CPU
	EndGlobalSection
	GlobalSection(SolutionProperties) = preSolution
		HideSolutionNode = FALSE
	EndGlobalSection
	GlobalSection(ExtensibilityGlobals) = postSolution
		SolutionGuid = {46327079-7A73-46A8-A4C6-556FE469AD0D}
	EndGlobalSection
EndGlobal
